
Microsoft Visual Studio Solution File, Format Version 12.00
# Visual Studio Version 17
VisualStudioVersion = 17.10.35027.167
MinimumVisualStudioVersion = 10.0.40219.1
Project("{9A19103F-16F7-4668-BE54-9A1E7A4F7556}") = "BulkyWeb", "BulkyWeb\BulkyWeb.csproj", "{188CB905-3B4B-4F19-AE5F-5079A74CD033}"
EndProject
Project("{9A19103F-16F7-4668-BE54-9A1E7A4F7556}") = "BulkyWebRazor", "BulkyWebRazor\BulkyWebRazor.csproj", "{28BD526C-210E-4466-92B2-518C4C5B8682}"
EndProject
Global
	GlobalSection(SolutionConfigurationPlatforms) = preSolution
		Debug|Any CPU = Debug|Any CPU
		Release|Any CPU = Release|Any CPU
	EndGlobalSection
	GlobalSection(ProjectConfigurationPlatforms) = postSolution
		{188CB905-3B4B-4F19-AE5F-5079A74CD033}.Debug|Any CPU.ActiveCfg = Debug|Any CPU
		{188CB905-3B4B-4F19-AE5F-5079A74CD033}.Debug|Any CPU.Build.0 = Debug|Any CPU
		{188CB905-3B4B-4F19-AE5F-5079A74CD033}.Release|Any CPU.ActiveCfg = Release|Any CPU
		{188CB905-3B4B-4F19-AE5F-5079A74CD033}.Release|Any CPU.Build.0 = Release|Any CPU
		{28BD526C-210E-4466-92B2-518C4C5B8682}.Debug|Any CPU.ActiveCfg = Debug|Any CPU
		{28BD526C-210E-4466-92B2-518C4C5B8682}.Debug|Any CPU.Build.0 = Debug|Any CPU
		{28BD526C-210E-4466-92B2-518C4C5B8682}.Release|Any CPU.ActiveCfg = Release|Any CPU
		{28BD526C-210E-4466-92B2-518C4C5B8682}.Release|Any CPU.Build.0 = Release|Any CPU
	EndGlobalSection
	GlobalSection(SolutionProperties) = preSolution
		HideSolutionNode = FALSE
	EndGlobalSection
	GlobalSection(ExtensibilityGlobals) = postSolution
		SolutionGuid = {55042EA4-53D4-461E-BC0B-0F64AF45993E}
	EndGlobalSection
EndGlobal
