
Microsoft Visual Studio Solution File, Format Version 12.00
# Visual Studio Version 17
VisualStudioVersion = 17.11.35222.181
MinimumVisualStudioVersion = 10.0.40219.1
Project("{2150E333-8FDC-42A3-9474-1A3956D46DE8}") = "FrontEnd", "FrontEnd", "{7BEDD8C2-7597-4037-83A9-A7596809C2BD}"
EndProject
Project("{2150E333-8FDC-42A3-9474-1A3956D46DE8}") = "Gateway", "Gateway", "{4A760BE6-FE69-406B-9742-038125A70BEB}"
EndProject
Project("{2150E333-8FDC-42A3-9474-1A3956D46DE8}") = "Integration", "Integration", "{FFA6E31F-B474-4AE3-B520-0445AEAD5F33}"
EndProject
Project("{2150E333-8FDC-42A3-9474-1A3956D46DE8}") = "Services", "Services", "{6E55A0C7-1C65-436E-AD94-EFACEE1C0901}"
EndProject
Project("{9A19103F-16F7-4668-BE54-9A1E7A4F7556}") = "Mango.Services.CouponAPI", "Mango.Services.CouponAPI\Mango.Services.CouponAPI.csproj", "{6E374695-E212-4135-B645-321951703E0F}"
EndProject
Project("{9A19103F-16F7-4668-BE54-9A1E7A4F7556}") = "Mango.Web", "Mango.Web\Mango.Web.csproj", "{373A2072-CC36-4B68-950D-DD79897A698E}"
EndProject
Global
	GlobalSection(SolutionConfigurationPlatforms) = preSolution
		Debug|Any CPU = Debug|Any CPU
		Release|Any CPU = Release|Any CPU
	EndGlobalSection
	GlobalSection(ProjectConfigurationPlatforms) = postSolution
		{6E374695-E212-4135-B645-321951703E0F}.Debug|Any CPU.ActiveCfg = Debug|Any CPU
		{6E374695-E212-4135-B645-321951703E0F}.Debug|Any CPU.Build.0 = Debug|Any CPU
		{6E374695-E212-4135-B645-321951703E0F}.Release|Any CPU.ActiveCfg = Release|Any CPU
		{6E374695-E212-4135-B645-321951703E0F}.Release|Any CPU.Build.0 = Release|Any CPU
		{373A2072-CC36-4B68-950D-DD79897A698E}.Debug|Any CPU.ActiveCfg = Debug|Any CPU
		{373A2072-CC36-4B68-950D-DD79897A698E}.Debug|Any CPU.Build.0 = Debug|Any CPU
		{373A2072-CC36-4B68-950D-DD79897A698E}.Release|Any CPU.ActiveCfg = Release|Any CPU
		{373A2072-CC36-4B68-950D-DD79897A698E}.Release|Any CPU.Build.0 = Release|Any CPU
	EndGlobalSection
	GlobalSection(SolutionProperties) = preSolution
		HideSolutionNode = FALSE
	EndGlobalSection
	GlobalSection(NestedProjects) = preSolution
		{6E374695-E212-4135-B645-321951703E0F} = {6E55A0C7-1C65-436E-AD94-EFACEE1C0901}
		{373A2072-CC36-4B68-950D-DD79897A698E} = {7BEDD8C2-7597-4037-83A9-A7596809C2BD}
	EndGlobalSection
	GlobalSection(ExtensibilityGlobals) = postSolution
		SolutionGuid = {7A22A1D2-527F-44B2-880F-1C7EA1CC105A}
	EndGlobalSection
EndGlobal
